
Microsoft Visual Studio Solution File, Format Version 12.00
Project("{FAE04EC0-301F-11D3-BF4B-00C04F79EFBC}") = "Lab_1_worldOfWorms", "Lab_1_worldOfWorms\Lab_1_worldOfWorms.csproj", "{9568B076-F387-4624-A3D7-E9EED74A1100}"
EndProject
Global
	GlobalSection(SolutionConfigurationPlatforms) = preSolution
		Debug|Any CPU = Debug|Any CPU
		Release|Any CPU = Release|Any CPU
	EndGlobalSection
	GlobalSection(ProjectConfigurationPlatforms) = postSolution
		{9568B076-F387-4624-A3D7-E9EED74A1100}.Debug|Any CPU.ActiveCfg = Debug|Any CPU
		{9568B076-F387-4624-A3D7-E9EED74A1100}.Debug|Any CPU.Build.0 = Debug|Any CPU
		{9568B076-F387-4624-A3D7-E9EED74A1100}.Release|Any CPU.ActiveCfg = Release|Any CPU
		{9568B076-F387-4624-A3D7-E9EED74A1100}.Release|Any CPU.Build.0 = Release|Any CPU
	EndGlobalSection
EndGlobal
